
Microsoft Visual Studio Solution File, Format Version 12.00
# Visual Studio Version 17
VisualStudioVersion = 17.14.36109.1
MinimumVisualStudioVersion = 10.0.40219.1
Project("{9A19103F-16F7-4668-BE54-9A1E7A4F7556}") = "Ovjo", "Ovjo\Ovjo.csproj", "{E323B3FA-7B3F-43FF-9EE3-BFA5F05E2FAE}"
EndProject
Project("{FAE04EC0-301F-11D3-BF4B-00C04F79EFBC}") = "UAssetAPI", "..\UAssetAPI\UAssetAPI\UAssetAPI.csproj", "{178417EC-1177-413E-BE85-C83AECD64279}"
EndProject
Project("{FAE04EC0-301F-11D3-BF4B-00C04F79EFBC}") = "Overdare", "..\Overdare.NET\Overdare\Overdare.csproj", "{1EA9FA0D-D4BB-5F4D-59A8-B029CB5262CC}"
EndProject
Project("{FAE04EC0-301F-11D3-BF4B-00C04F79EFBC}") = "NativeFileDialogSharp", "..\NativeFileDialogSharp\NativeFileDialogSharp\NativeFileDialogSharp.csproj", "{8D7DAE23-ADA2-2246-D5CA-35AB851E6949}"
EndProject
Project("{FAE04EC0-301F-11D3-BF4B-00C04F79EFBC}") = "RobloxFileFormat", "..\Roblox-File-Format\RobloxFileFormat.csproj", "{CF50C0E2-23A7-4DC1-B4B2-E60CDE716253}"
EndProject
Global
	GlobalSection(SolutionConfigurationPlatforms) = preSolution
		Debug|Any CPU = Debug|Any CPU
		Debug|x86 = Debug|x86
		DebugTracing|Any CPU = DebugTracing|Any CPU
		DebugTracing|x86 = DebugTracing|x86
		DebugVerbose|Any CPU = DebugVerbose|Any CPU
		DebugVerbose|x86 = DebugVerbose|x86
		Release|Any CPU = Release|Any CPU
		Release|x86 = Release|x86
	EndGlobalSection
	GlobalSection(ProjectConfigurationPlatforms) = postSolution
		{E323B3FA-7B3F-43FF-9EE3-BFA5F05E2FAE}.Debug|Any CPU.ActiveCfg = Debug|Any CPU
		{E323B3FA-7B3F-43FF-9EE3-BFA5F05E2FAE}.Debug|Any CPU.Build.0 = Debug|Any CPU
		{E323B3FA-7B3F-43FF-9EE3-BFA5F05E2FAE}.Debug|x86.ActiveCfg = Debug|Any CPU
		{E323B3FA-7B3F-43FF-9EE3-BFA5F05E2FAE}.Debug|x86.Build.0 = Debug|Any CPU
		{E323B3FA-7B3F-43FF-9EE3-BFA5F05E2FAE}.DebugTracing|Any CPU.ActiveCfg = Debug|Any CPU
		{E323B3FA-7B3F-43FF-9EE3-BFA5F05E2FAE}.DebugTracing|Any CPU.Build.0 = Debug|Any CPU
		{E323B3FA-7B3F-43FF-9EE3-BFA5F05E2FAE}.DebugTracing|x86.ActiveCfg = Debug|Any CPU
		{E323B3FA-7B3F-43FF-9EE3-BFA5F05E2FAE}.DebugTracing|x86.Build.0 = Debug|Any CPU
		{E323B3FA-7B3F-43FF-9EE3-BFA5F05E2FAE}.DebugVerbose|Any CPU.ActiveCfg = Debug|Any CPU
		{E323B3FA-7B3F-43FF-9EE3-BFA5F05E2FAE}.DebugVerbose|Any CPU.Build.0 = Debug|Any CPU
		{E323B3FA-7B3F-43FF-9EE3-BFA5F05E2FAE}.DebugVerbose|x86.ActiveCfg = Debug|Any CPU
		{E323B3FA-7B3F-43FF-9EE3-BFA5F05E2FAE}.DebugVerbose|x86.Build.0 = Debug|Any CPU
		{E323B3FA-7B3F-43FF-9EE3-BFA5F05E2FAE}.Release|Any CPU.ActiveCfg = Release|Any CPU
		{E323B3FA-7B3F-43FF-9EE3-BFA5F05E2FAE}.Release|Any CPU.Build.0 = Release|Any CPU
		{E323B3FA-7B3F-43FF-9EE3-BFA5F05E2FAE}.Release|x86.ActiveCfg = Release|Any CPU
		{E323B3FA-7B3F-43FF-9EE3-BFA5F05E2FAE}.Release|x86.Build.0 = Release|Any CPU
		{178417EC-1177-413E-BE85-C83AECD64279}.Debug|Any CPU.ActiveCfg = Debug|Any CPU
		{178417EC-1177-413E-BE85-C83AECD64279}.Debug|Any CPU.Build.0 = Debug|Any CPU
		{178417EC-1177-413E-BE85-C83AECD64279}.Debug|x86.ActiveCfg = Debug|x86
		{178417EC-1177-413E-BE85-C83AECD64279}.Debug|x86.Build.0 = Debug|x86
		{178417EC-1177-413E-BE85-C83AECD64279}.DebugTracing|Any CPU.ActiveCfg = DebugTracing|Any CPU
		{178417EC-1177-413E-BE85-C83AECD64279}.DebugTracing|Any CPU.Build.0 = DebugTracing|Any CPU
		{178417EC-1177-413E-BE85-C83AECD64279}.DebugTracing|x86.ActiveCfg = DebugTracing|x86
		{178417EC-1177-413E-BE85-C83AECD64279}.DebugTracing|x86.Build.0 = DebugTracing|x86
		{178417EC-1177-413E-BE85-C83AECD64279}.DebugVerbose|Any CPU.ActiveCfg = DebugVerbose|Any CPU
		{178417EC-1177-413E-BE85-C83AECD64279}.DebugVerbose|Any CPU.Build.0 = DebugVerbose|Any CPU
		{178417EC-1177-413E-BE85-C83AECD64279}.DebugVerbose|x86.ActiveCfg = DebugVerbose|x86
		{178417EC-1177-413E-BE85-C83AECD64279}.DebugVerbose|x86.Build.0 = DebugVerbose|x86
		{178417EC-1177-413E-BE85-C83AECD64279}.Release|Any CPU.ActiveCfg = Release|Any CPU
		{178417EC-1177-413E-BE85-C83AECD64279}.Release|Any CPU.Build.0 = Release|Any CPU
		{178417EC-1177-413E-BE85-C83AECD64279}.Release|x86.ActiveCfg = Release|x86
		{178417EC-1177-413E-BE85-C83AECD64279}.Release|x86.Build.0 = Release|x86
		{1EA9FA0D-D4BB-5F4D-59A8-B029CB5262CC}.Debug|Any CPU.ActiveCfg = Debug|Any CPU
		{1EA9FA0D-D4BB-5F4D-59A8-B029CB5262CC}.Debug|Any CPU.Build.0 = Debug|Any CPU
		{1EA9FA0D-D4BB-5F4D-59A8-B029CB5262CC}.Debug|x86.ActiveCfg = Debug|Any CPU
		{1EA9FA0D-D4BB-5F4D-59A8-B029CB5262CC}.Debug|x86.Build.0 = Debug|Any CPU
		{1EA9FA0D-D4BB-5F4D-59A8-B029CB5262CC}.DebugTracing|Any CPU.ActiveCfg = Debug|Any CPU
		{1EA9FA0D-D4BB-5F4D-59A8-B029CB5262CC}.DebugTracing|Any CPU.Build.0 = Debug|Any CPU
		{1EA9FA0D-D4BB-5F4D-59A8-B029CB5262CC}.DebugTracing|x86.ActiveCfg = Debug|Any CPU
		{1EA9FA0D-D4BB-5F4D-59A8-B029CB5262CC}.DebugTracing|x86.Build.0 = Debug|Any CPU
		{1EA9FA0D-D4BB-5F4D-59A8-B029CB5262CC}.DebugVerbose|Any CPU.ActiveCfg = Debug|Any CPU
		{1EA9FA0D-D4BB-5F4D-59A8-B029CB5262CC}.DebugVerbose|Any CPU.Build.0 = Debug|Any CPU
		{1EA9FA0D-D4BB-5F4D-59A8-B029CB5262CC}.DebugVerbose|x86.ActiveCfg = Debug|Any CPU
		{1EA9FA0D-D4BB-5F4D-59A8-B029CB5262CC}.DebugVerbose|x86.Build.0 = Debug|Any CPU
		{1EA9FA0D-D4BB-5F4D-59A8-B029CB5262CC}.Release|Any CPU.ActiveCfg = Release|Any CPU
		{1EA9FA0D-D4BB-5F4D-59A8-B029CB5262CC}.Release|Any CPU.Build.0 = Release|Any CPU
		{1EA9FA0D-D4BB-5F4D-59A8-B029CB5262CC}.Release|x86.ActiveCfg = Release|Any CPU
		{1EA9FA0D-D4BB-5F4D-59A8-B029CB5262CC}.Release|x86.Build.0 = Release|Any CPU
		{8D7DAE23-ADA2-2246-D5CA-35AB851E6949}.Debug|Any CPU.ActiveCfg = Debug|Any CPU
		{8D7DAE23-ADA2-2246-D5CA-35AB851E6949}.Debug|Any CPU.Build.0 = Debug|Any CPU
		{8D7DAE23-ADA2-2246-D5CA-35AB851E6949}.Debug|x86.ActiveCfg = Debug|Any CPU
		{8D7DAE23-ADA2-2246-D5CA-35AB851E6949}.Debug|x86.Build.0 = Debug|Any CPU
		{8D7DAE23-ADA2-2246-D5CA-35AB851E6949}.DebugTracing|Any CPU.ActiveCfg = Debug|Any CPU
		{8D7DAE23-ADA2-2246-D5CA-35AB851E6949}.DebugTracing|Any CPU.Build.0 = Debug|Any CPU
		{8D7DAE23-ADA2-2246-D5CA-35AB851E6949}.DebugTracing|x86.ActiveCfg = Debug|Any CPU
		{8D7DAE23-ADA2-2246-D5CA-35AB851E6949}.DebugTracing|x86.Build.0 = Debug|Any CPU
		{8D7DAE23-ADA2-2246-D5CA-35AB851E6949}.DebugVerbose|Any CPU.ActiveCfg = Debug|Any CPU
		{8D7DAE23-ADA2-2246-D5CA-35AB851E6949}.DebugVerbose|Any CPU.Build.0 = Debug|Any CPU
		{8D7DAE23-ADA2-2246-D5CA-35AB851E6949}.DebugVerbose|x86.ActiveCfg = Debug|Any CPU
		{8D7DAE23-ADA2-2246-D5CA-35AB851E6949}.DebugVerbose|x86.Build.0 = Debug|Any CPU
		{8D7DAE23-ADA2-2246-D5CA-35AB851E6949}.Release|Any CPU.ActiveCfg = Release|Any CPU
		{8D7DAE23-ADA2-2246-D5CA-35AB851E6949}.Release|Any CPU.Build.0 = Release|Any CPU
		{8D7DAE23-ADA2-2246-D5CA-35AB851E6949}.Release|x86.ActiveCfg = Release|Any CPU
		{8D7DAE23-ADA2-2246-D5CA-35AB851E6949}.Release|x86.Build.0 = Release|Any CPU
		{CF50C0E2-23A7-4DC1-B4B2-E60CDE716253}.Debug|Any CPU.ActiveCfg = Debug|Any CPU
		{CF50C0E2-23A7-4DC1-B4B2-E60CDE716253}.Debug|Any CPU.Build.0 = Debug|Any CPU
		{CF50C0E2-23A7-4DC1-B4B2-E60CDE716253}.Debug|x86.ActiveCfg = Debug|Any CPU
		{CF50C0E2-23A7-4DC1-B4B2-E60CDE716253}.Debug|x86.Build.0 = Debug|Any CPU
		{CF50C0E2-23A7-4DC1-B4B2-E60CDE716253}.DebugTracing|Any CPU.ActiveCfg = Debug|Any CPU
		{CF50C0E2-23A7-4DC1-B4B2-E60CDE716253}.DebugTracing|Any CPU.Build.0 = Debug|Any CPU
		{CF50C0E2-23A7-4DC1-B4B2-E60CDE716253}.DebugTracing|x86.ActiveCfg = Debug|Any CPU
		{CF50C0E2-23A7-4DC1-B4B2-E60CDE716253}.DebugTracing|x86.Build.0 = Debug|Any CPU
		{CF50C0E2-23A7-4DC1-B4B2-E60CDE716253}.DebugVerbose|Any CPU.ActiveCfg = Debug|Any CPU
		{CF50C0E2-23A7-4DC1-B4B2-E60CDE716253}.DebugVerbose|Any CPU.Build.0 = Debug|Any CPU
		{CF50C0E2-23A7-4DC1-B4B2-E60CDE716253}.DebugVerbose|x86.ActiveCfg = Debug|Any CPU
		{CF50C0E2-23A7-4DC1-B4B2-E60CDE716253}.DebugVerbose|x86.Build.0 = Debug|Any CPU
		{CF50C0E2-23A7-4DC1-B4B2-E60CDE716253}.Release|Any CPU.ActiveCfg = Release|Any CPU
		{CF50C0E2-23A7-4DC1-B4B2-E60CDE716253}.Release|Any CPU.Build.0 = Release|Any CPU
		{CF50C0E2-23A7-4DC1-B4B2-E60CDE716253}.Release|x86.ActiveCfg = Release|Any CPU
		{CF50C0E2-23A7-4DC1-B4B2-E60CDE716253}.Release|x86.Build.0 = Release|Any CPU
	EndGlobalSection
	GlobalSection(SolutionProperties) = preSolution
		HideSolutionNode = FALSE
	EndGlobalSection
	GlobalSection(ExtensibilityGlobals) = postSolution
		SolutionGuid = {C779DAE7-17B2-41A6-8048-CA9CFF2E9FFB}
	EndGlobalSection
EndGlobal
